// !$*UTF8*$!
{
	archiveVersion = 1;
	classes = {
	};
	objectVersion = 46;
	objects = {

/* Begin PBXBuildFile section */
		2586340DDD2CA310CCFB95D9 /* Pods_SwiftGroupFinalProjectTests.framework in Frameworks */ = {isa = PBXBuildFile; fileRef = 6E32A8A8B3E7BFECFDBFA434 /* Pods_SwiftGroupFinalProjectTests.framework */; };
		4D3FD13BC8F9CF3386063C33 /* Pods_SwiftGroupFinalProject.framework in Frameworks */ = {isa = PBXBuildFile; fileRef = 59BEDADAEA61068A266CC60F /* Pods_SwiftGroupFinalProject.framework */; };
		70D1144330840610BE158F3D /* Pods_SwiftGroupFinalProjectUITests.framework in Frameworks */ = {isa = PBXBuildFile; fileRef = 5A15B18C8D49428815D949BE /* Pods_SwiftGroupFinalProjectUITests.framework */; };
		AC85A76C1D6EAE8C00DBD824 /* News.storyboard in Resources */ = {isa = PBXBuildFile; fileRef = AC85A76B1D6EAE8C00DBD824 /* News.storyboard */; };
		AC85A76F1D6EAE9A00DBD824 /* Search.storyboard in Resources */ = {isa = PBXBuildFile; fileRef = AC85A76D1D6EAE9A00DBD824 /* Search.storyboard */; };
		AC85A7711D6EAEAC00DBD824 /* Profile.storyboard in Resources */ = {isa = PBXBuildFile; fileRef = AC85A7701D6EAEAC00DBD824 /* Profile.storyboard */; };
		AC85A7741D6EAF5B00DBD824 /* NewsViewController.swift in Sources */ = {isa = PBXBuildFile; fileRef = AC85A7731D6EAF5B00DBD824 /* NewsViewController.swift */; };
		AC85A7761D6EAF7C00DBD824 /* SearchViewController.swift in Sources */ = {isa = PBXBuildFile; fileRef = AC85A7751D6EAF7C00DBD824 /* SearchViewController.swift */; };
		AC85A7781D6EAF9600DBD824 /* ProfileViewController.swift in Sources */ = {isa = PBXBuildFile; fileRef = AC85A7771D6EAF9600DBD824 /* ProfileViewController.swift */; };
		C49023111D63721400170585 /* AppDelegate.swift in Sources */ = {isa = PBXBuildFile; fileRef = C49023101D63721400170585 /* AppDelegate.swift */; };
		C49023161D63721400170585 /* Main.storyboard in Resources */ = {isa = PBXBuildFile; fileRef = C49023141D63721400170585 /* Main.storyboard */; };
		C49023181D63721400170585 /* Assets.xcassets in Resources */ = {isa = PBXBuildFile; fileRef = C49023171D63721400170585 /* Assets.xcassets */; };
		C490231B1D63721400170585 /* LaunchScreen.storyboard in Resources */ = {isa = PBXBuildFile; fileRef = C49023191D63721400170585 /* LaunchScreen.storyboard */; };
		C49023261D63721400170585 /* SwiftGroupFinalProjectTests.swift in Sources */ = {isa = PBXBuildFile; fileRef = C49023251D63721400170585 /* SwiftGroupFinalProjectTests.swift */; };
		C49023311D63721400170585 /* SwiftGroupFinalProjectUITests.swift in Sources */ = {isa = PBXBuildFile; fileRef = C49023301D63721400170585 /* SwiftGroupFinalProjectUITests.swift */; };
		DFC339681D63967500A47E32 /* Constants.swift in Sources */ = {isa = PBXBuildFile; fileRef = DFC339671D63967500A47E32 /* Constants.swift */; };
/* End PBXBuildFile section */

/* Begin PBXContainerItemProxy section */
		C49023221D63721400170585 /* PBXContainerItemProxy */ = {
			isa = PBXContainerItemProxy;
			containerPortal = C49023051D63721300170585 /* Project object */;
			proxyType = 1;
			remoteGlobalIDString = C490230C1D63721300170585;
			remoteInfo = SwiftGroupFinalProject;
		};
		C490232D1D63721400170585 /* PBXContainerItemProxy */ = {
			isa = PBXContainerItemProxy;
			containerPortal = C49023051D63721300170585 /* Project object */;
			proxyType = 1;
			remoteGlobalIDString = C490230C1D63721300170585;
			remoteInfo = SwiftGroupFinalProject;
		};
/* End PBXContainerItemProxy section */

/* Begin PBXFileReference section */
		078B0619C4F26770492ED4C9 /* Pods-SwiftGroupFinalProjectTests.release.xcconfig */ = {isa = PBXFileReference; includeInIndex = 1; lastKnownFileType = text.xcconfig; name = "Pods-SwiftGroupFinalProjectTests.release.xcconfig"; path = "Pods/Target Support Files/Pods-SwiftGroupFinalProjectTests/Pods-SwiftGroupFinalProjectTests.release.xcconfig"; sourceTree = "<group>"; };
		094732981145087DF1ABEE98 /* Pods-SwiftGroupFinalProject.release.xcconfig */ = {isa = PBXFileReference; includeInIndex = 1; lastKnownFileType = text.xcconfig; name = "Pods-SwiftGroupFinalProject.release.xcconfig"; path = "Pods/Target Support Files/Pods-SwiftGroupFinalProject/Pods-SwiftGroupFinalProject.release.xcconfig"; sourceTree = "<group>"; };
		59BEDADAEA61068A266CC60F /* Pods_SwiftGroupFinalProject.framework */ = {isa = PBXFileReference; explicitFileType = wrapper.framework; includeInIndex = 0; path = Pods_SwiftGroupFinalProject.framework; sourceTree = BUILT_PRODUCTS_DIR; };
		5A15B18C8D49428815D949BE /* Pods_SwiftGroupFinalProjectUITests.framework */ = {isa = PBXFileReference; explicitFileType = wrapper.framework; includeInIndex = 0; path = Pods_SwiftGroupFinalProjectUITests.framework; sourceTree = BUILT_PRODUCTS_DIR; };
		6E32A8A8B3E7BFECFDBFA434 /* Pods_SwiftGroupFinalProjectTests.framework */ = {isa = PBXFileReference; explicitFileType = wrapper.framework; includeInIndex = 0; path = Pods_SwiftGroupFinalProjectTests.framework; sourceTree = BUILT_PRODUCTS_DIR; };
		72EB20AF3D35503AE2473DEA /* Pods-SwiftGroupFinalProjectTests.debug.xcconfig */ = {isa = PBXFileReference; includeInIndex = 1; lastKnownFileType = text.xcconfig; name = "Pods-SwiftGroupFinalProjectTests.debug.xcconfig"; path = "Pods/Target Support Files/Pods-SwiftGroupFinalProjectTests/Pods-SwiftGroupFinalProjectTests.debug.xcconfig"; sourceTree = "<group>"; };
		962C02A6ED043AC4EB1F35E9 /* Pods-SwiftGroupFinalProjectUITests.debug.xcconfig */ = {isa = PBXFileReference; includeInIndex = 1; lastKnownFileType = text.xcconfig; name = "Pods-SwiftGroupFinalProjectUITests.debug.xcconfig"; path = "Pods/Target Support Files/Pods-SwiftGroupFinalProjectUITests/Pods-SwiftGroupFinalProjectUITests.debug.xcconfig"; sourceTree = "<group>"; };
		AC85A76B1D6EAE8C00DBD824 /* News.storyboard */ = {isa = PBXFileReference; fileEncoding = 4; lastKnownFileType = file.storyboard; path = News.storyboard; sourceTree = "<group>"; };
		AC85A76E1D6EAE9A00DBD824 /* Base */ = {isa = PBXFileReference; lastKnownFileType = file.storyboard; name = Base; path = Base.lproj/Search.storyboard; sourceTree = "<group>"; };
		AC85A7701D6EAEAC00DBD824 /* Profile.storyboard */ = {isa = PBXFileReference; fileEncoding = 4; lastKnownFileType = file.storyboard; path = Profile.storyboard; sourceTree = "<group>"; };
		AC85A7731D6EAF5B00DBD824 /* NewsViewController.swift */ = {isa = PBXFileReference; fileEncoding = 4; lastKnownFileType = sourcecode.swift; path = NewsViewController.swift; sourceTree = "<group>"; };
		AC85A7751D6EAF7C00DBD824 /* SearchViewController.swift */ = {isa = PBXFileReference; fileEncoding = 4; lastKnownFileType = sourcecode.swift; path = SearchViewController.swift; sourceTree = "<group>"; };
		AC85A7771D6EAF9600DBD824 /* ProfileViewController.swift */ = {isa = PBXFileReference; fileEncoding = 4; lastKnownFileType = sourcecode.swift; path = ProfileViewController.swift; sourceTree = "<group>"; };
		C490230D1D63721400170585 /* SwiftGroupFinalProject.app */ = {isa = PBXFileReference; explicitFileType = wrapper.application; includeInIndex = 0; path = SwiftGroupFinalProject.app; sourceTree = BUILT_PRODUCTS_DIR; };
		C49023101D63721400170585 /* AppDelegate.swift */ = {isa = PBXFileReference; lastKnownFileType = sourcecode.swift; path = AppDelegate.swift; sourceTree = "<group>"; };
		C49023151D63721400170585 /* Base */ = {isa = PBXFileReference; lastKnownFileType = file.storyboard; name = Base; path = Base.lproj/Main.storyboard; sourceTree = "<group>"; };
		C49023171D63721400170585 /* Assets.xcassets */ = {isa = PBXFileReference; lastKnownFileType = folder.assetcatalog; path = Assets.xcassets; sourceTree = "<group>"; };
		C490231A1D63721400170585 /* Base */ = {isa = PBXFileReference; lastKnownFileType = file.storyboard; name = Base; path = Base.lproj/LaunchScreen.storyboard; sourceTree = "<group>"; };
		C490231C1D63721400170585 /* Info.plist */ = {isa = PBXFileReference; lastKnownFileType = text.plist.xml; path = Info.plist; sourceTree = "<group>"; };
		C49023211D63721400170585 /* SwiftGroupFinalProjectTests.xctest */ = {isa = PBXFileReference; explicitFileType = wrapper.cfbundle; includeInIndex = 0; path = SwiftGroupFinalProjectTests.xctest; sourceTree = BUILT_PRODUCTS_DIR; };
		C49023251D63721400170585 /* SwiftGroupFinalProjectTests.swift */ = {isa = PBXFileReference; lastKnownFileType = sourcecode.swift; path = SwiftGroupFinalProjectTests.swift; sourceTree = "<group>"; };
		C49023271D63721400170585 /* Info.plist */ = {isa = PBXFileReference; lastKnownFileType = text.plist.xml; path = Info.plist; sourceTree = "<group>"; };
		C490232C1D63721400170585 /* SwiftGroupFinalProjectUITests.xctest */ = {isa = PBXFileReference; explicitFileType = wrapper.cfbundle; includeInIndex = 0; path = SwiftGroupFinalProjectUITests.xctest; sourceTree = BUILT_PRODUCTS_DIR; };
		C49023301D63721400170585 /* SwiftGroupFinalProjectUITests.swift */ = {isa = PBXFileReference; lastKnownFileType = sourcecode.swift; path = SwiftGroupFinalProjectUITests.swift; sourceTree = "<group>"; };
		C49023321D63721400170585 /* Info.plist */ = {isa = PBXFileReference; lastKnownFileType = text.plist.xml; path = Info.plist; sourceTree = "<group>"; };
		DB14F8848FB00B40FC5BBCE8 /* Pods-SwiftGroupFinalProjectUITests.release.xcconfig */ = {isa = PBXFileReference; includeInIndex = 1; lastKnownFileType = text.xcconfig; name = "Pods-SwiftGroupFinalProjectUITests.release.xcconfig"; path = "Pods/Target Support Files/Pods-SwiftGroupFinalProjectUITests/Pods-SwiftGroupFinalProjectUITests.release.xcconfig"; sourceTree = "<group>"; };
		DFC339671D63967500A47E32 /* Constants.swift */ = {isa = PBXFileReference; fileEncoding = 4; lastKnownFileType = sourcecode.swift; path = Constants.swift; sourceTree = "<group>"; };
		EA92E8623053F77A3755B67B /* Pods-SwiftGroupFinalProject.debug.xcconfig */ = {isa = PBXFileReference; includeInIndex = 1; lastKnownFileType = text.xcconfig; name = "Pods-SwiftGroupFinalProject.debug.xcconfig"; path = "Pods/Target Support Files/Pods-SwiftGroupFinalProject/Pods-SwiftGroupFinalProject.debug.xcconfig"; sourceTree = "<group>"; };
/* End PBXFileReference section */

/* Begin PBXFrameworksBuildPhase section */
		C490230A1D63721300170585 /* Frameworks */ = {
			isa = PBXFrameworksBuildPhase;
			buildActionMask = 2147483647;
			files = (
				4D3FD13BC8F9CF3386063C33 /* Pods_SwiftGroupFinalProject.framework in Frameworks */,
			);
			runOnlyForDeploymentPostprocessing = 0;
		};
		C490231E1D63721400170585 /* Frameworks */ = {
			isa = PBXFrameworksBuildPhase;
			buildActionMask = 2147483647;
			files = (
				2586340DDD2CA310CCFB95D9 /* Pods_SwiftGroupFinalProjectTests.framework in Frameworks */,
			);
			runOnlyForDeploymentPostprocessing = 0;
		};
		C49023291D63721400170585 /* Frameworks */ = {
			isa = PBXFrameworksBuildPhase;
			buildActionMask = 2147483647;
			files = (
				70D1144330840610BE158F3D /* Pods_SwiftGroupFinalProjectUITests.framework in Frameworks */,
			);
			runOnlyForDeploymentPostprocessing = 0;
		};
/* End PBXFrameworksBuildPhase section */

/* Begin PBXGroup section */
		16CD1EA287CC3FA224A6A09A /* Pods */ = {
			isa = PBXGroup;
			children = (
				EA92E8623053F77A3755B67B /* Pods-SwiftGroupFinalProject.debug.xcconfig */,
				094732981145087DF1ABEE98 /* Pods-SwiftGroupFinalProject.release.xcconfig */,
				72EB20AF3D35503AE2473DEA /* Pods-SwiftGroupFinalProjectTests.debug.xcconfig */,
				078B0619C4F26770492ED4C9 /* Pods-SwiftGroupFinalProjectTests.release.xcconfig */,
				962C02A6ED043AC4EB1F35E9 /* Pods-SwiftGroupFinalProjectUITests.debug.xcconfig */,
				DB14F8848FB00B40FC5BBCE8 /* Pods-SwiftGroupFinalProjectUITests.release.xcconfig */,
			);
			name = Pods;
			sourceTree = "<group>";
		};
		7CA33A6670F81DA6464E4451 /* Frameworks */ = {
			isa = PBXGroup;
			children = (
				59BEDADAEA61068A266CC60F /* Pods_SwiftGroupFinalProject.framework */,
				6E32A8A8B3E7BFECFDBFA434 /* Pods_SwiftGroupFinalProjectTests.framework */,
				5A15B18C8D49428815D949BE /* Pods_SwiftGroupFinalProjectUITests.framework */,
			);
			name = Frameworks;
			sourceTree = "<group>";
		};
		AC85A76A1D6EACC300DBD824 /* View */ = {
			isa = PBXGroup;
			children = (
				C49023191D63721400170585 /* LaunchScreen.storyboard */,
				C49023141D63721400170585 /* Main.storyboard */,
				AC85A7701D6EAEAC00DBD824 /* Profile.storyboard */,
				AC85A76D1D6EAE9A00DBD824 /* Search.storyboard */,
				AC85A76B1D6EAE8C00DBD824 /* News.storyboard */,
			);
			name = View;
			sourceTree = "<group>";
		};
		AC85A7721D6EAF2600DBD824 /* Controllers */ = {
			isa = PBXGroup;
			children = (
				AC85A7731D6EAF5B00DBD824 /* NewsViewController.swift */,
				AC85A7751D6EAF7C00DBD824 /* SearchViewController.swift */,
				AC85A7771D6EAF9600DBD824 /* ProfileViewController.swift */,
			);
			name = Controllers;
			sourceTree = "<group>";
		};
		C49023041D63721300170585 = {
			isa = PBXGroup;
			children = (
				C490230F1D63721400170585 /* SwiftGroupFinalProject */,
				C49023241D63721400170585 /* SwiftGroupFinalProjectTests */,
				C490232F1D63721400170585 /* SwiftGroupFinalProjectUITests */,
				C490230E1D63721400170585 /* Products */,
				16CD1EA287CC3FA224A6A09A /* Pods */,
				7CA33A6670F81DA6464E4451 /* Frameworks */,
			);
			sourceTree = "<group>";
		};
		C490230E1D63721400170585 /* Products */ = {
			isa = PBXGroup;
			children = (
				C490230D1D63721400170585 /* SwiftGroupFinalProject.app */,
				C49023211D63721400170585 /* SwiftGroupFinalProjectTests.xctest */,
				C490232C1D63721400170585 /* SwiftGroupFinalProjectUITests.xctest */,
			);
			name = Products;
			sourceTree = "<group>";
		};
		C490230F1D63721400170585 /* SwiftGroupFinalProject */ = {
			isa = PBXGroup;
			children = (
				AC85A7721D6EAF2600DBD824 /* Controllers */,
				AC85A76A1D6EACC300DBD824 /* View */,
				C49023101D63721400170585 /* AppDelegate.swift */,
				DFC339661D63964700A47E32 /* Resources */,
				C49023171D63721400170585 /* Assets.xcassets */,
				C490231C1D63721400170585 /* Info.plist */,
			);
			path = SwiftGroupFinalProject;
			sourceTree = "<group>";
		};
		C49023241D63721400170585 /* SwiftGroupFinalProjectTests */ = {
			isa = PBXGroup;
			children = (
				C49023251D63721400170585 /* SwiftGroupFinalProjectTests.swift */,
				C49023271D63721400170585 /* Info.plist */,
			);
			path = SwiftGroupFinalProjectTests;
			sourceTree = "<group>";
		};
		C490232F1D63721400170585 /* SwiftGroupFinalProjectUITests */ = {
			isa = PBXGroup;
			children = (
				C49023301D63721400170585 /* SwiftGroupFinalProjectUITests.swift */,
				C49023321D63721400170585 /* Info.plist */,
			);
			path = SwiftGroupFinalProjectUITests;
			sourceTree = "<group>";
		};
		DFC339661D63964700A47E32 /* Resources */ = {
			isa = PBXGroup;
			children = (
				DFC339671D63967500A47E32 /* Constants.swift */,
			);
			path = Resources;
			sourceTree = "<group>";
		};
/* End PBXGroup section */

/* Begin PBXNativeTarget section */
		C490230C1D63721300170585 /* SwiftGroupFinalProject */ = {
			isa = PBXNativeTarget;
			buildConfigurationList = C49023351D63721400170585 /* Build configuration list for PBXNativeTarget "SwiftGroupFinalProject" */;
			buildPhases = (
				7728A63BC1621802F2AB1A1A /* [CP] Check Pods Manifest.lock */,
				C49023091D63721300170585 /* Sources */,
				C490230A1D63721300170585 /* Frameworks */,
				C490230B1D63721300170585 /* Resources */,
				58B23E83A63A791BF7B52E43 /* [CP] Embed Pods Frameworks */,
				D2A16206C894382575FB1C15 /* [CP] Copy Pods Resources */,
			);
			buildRules = (
			);
			dependencies = (
			);
			name = SwiftGroupFinalProject;
			productName = SwiftGroupFinalProject;
			productReference = C490230D1D63721400170585 /* SwiftGroupFinalProject.app */;
			productType = "com.apple.product-type.application";
		};
		C49023201D63721400170585 /* SwiftGroupFinalProjectTests */ = {
			isa = PBXNativeTarget;
			buildConfigurationList = C49023381D63721400170585 /* Build configuration list for PBXNativeTarget "SwiftGroupFinalProjectTests" */;
			buildPhases = (
				D58B9DC38027E6F65354727B /* [CP] Check Pods Manifest.lock */,
				C490231D1D63721400170585 /* Sources */,
				C490231E1D63721400170585 /* Frameworks */,
				C490231F1D63721400170585 /* Resources */,
				F9E75E880D9AEA44AD5CD474 /* [CP] Embed Pods Frameworks */,
				C9847E48C18F8F1B7F80E534 /* [CP] Copy Pods Resources */,
			);
			buildRules = (
			);
			dependencies = (
				C49023231D63721400170585 /* PBXTargetDependency */,
			);
			name = SwiftGroupFinalProjectTests;
			productName = SwiftGroupFinalProjectTests;
			productReference = C49023211D63721400170585 /* SwiftGroupFinalProjectTests.xctest */;
			productType = "com.apple.product-type.bundle.unit-test";
		};
		C490232B1D63721400170585 /* SwiftGroupFinalProjectUITests */ = {
			isa = PBXNativeTarget;
			buildConfigurationList = C490233B1D63721400170585 /* Build configuration list for PBXNativeTarget "SwiftGroupFinalProjectUITests" */;
			buildPhases = (
				A8F05C396CB875C49EA4D637 /* [CP] Check Pods Manifest.lock */,
				C49023281D63721400170585 /* Sources */,
				C49023291D63721400170585 /* Frameworks */,
				C490232A1D63721400170585 /* Resources */,
				B5B95784E755774A760BB075 /* [CP] Copy Pods Resources */,
			);
			buildRules = (
			);
			dependencies = (
				C490232E1D63721400170585 /* PBXTargetDependency */,
			);
			name = SwiftGroupFinalProjectUITests;
			productName = SwiftGroupFinalProjectUITests;
			productReference = C490232C1D63721400170585 /* SwiftGroupFinalProjectUITests.xctest */;
			productType = "com.apple.product-type.bundle.ui-testing";
		};
/* End PBXNativeTarget section */

/* Begin PBXProject section */
		C49023051D63721300170585 /* Project object */ = {
			isa = PBXProject;
			attributes = {
				LastSwiftUpdateCheck = 0730;
				LastUpgradeCheck = 0730;
				ORGANIZATIONNAME = "Yevhen Herasymenko";
				TargetAttributes = {
					C490230C1D63721300170585 = {
						CreatedOnToolsVersion = 7.3.1;
					};
					C49023201D63721400170585 = {
						CreatedOnToolsVersion = 7.3.1;
						TestTargetID = C490230C1D63721300170585;
					};
					C490232B1D63721400170585 = {
						CreatedOnToolsVersion = 7.3.1;
						TestTargetID = C490230C1D63721300170585;
					};
				};
			};
			buildConfigurationList = C49023081D63721300170585 /* Build configuration list for PBXProject "SwiftGroupFinalProject" */;
			compatibilityVersion = "Xcode 3.2";
			developmentRegion = English;
			hasScannedForEncodings = 0;
			knownRegions = (
				en,
				Base,
			);
			mainGroup = C49023041D63721300170585;
			productRefGroup = C490230E1D63721400170585 /* Products */;
			projectDirPath = "";
			projectRoot = "";
			targets = (
				C490230C1D63721300170585 /* SwiftGroupFinalProject */,
				C49023201D63721400170585 /* SwiftGroupFinalProjectTests */,
				C490232B1D63721400170585 /* SwiftGroupFinalProjectUITests */,
			);
		};
/* End PBXProject section */

/* Begin PBXResourcesBuildPhase section */
		C490230B1D63721300170585 /* Resources */ = {
			isa = PBXResourcesBuildPhase;
			buildActionMask = 2147483647;
			files = (
				AC85A7711D6EAEAC00DBD824 /* Profile.storyboard in Resources */,
				C490231B1D63721400170585 /* LaunchScreen.storyboard in Resources */,
				C49023181D63721400170585 /* Assets.xcassets in Resources */,
				C49023161D63721400170585 /* Main.storyboard in Resources */,
				AC85A76C1D6EAE8C00DBD824 /* News.storyboard in Resources */,
				AC85A76F1D6EAE9A00DBD824 /* Search.storyboard in Resources */,
			);
			runOnlyForDeploymentPostprocessing = 0;
		};
		C490231F1D63721400170585 /* Resources */ = {
			isa = PBXResourcesBuildPhase;
			buildActionMask = 2147483647;
			files = (
			);
			runOnlyForDeploymentPostprocessing = 0;
		};
		C490232A1D63721400170585 /* Resources */ = {
			isa = PBXResourcesBuildPhase;
			buildActionMask = 2147483647;
			files = (
			);
			runOnlyForDeploymentPostprocessing = 0;
		};
/* End PBXResourcesBuildPhase section */

/* Begin PBXShellScriptBuildPhase section */
		58B23E83A63A791BF7B52E43 /* [CP] Embed Pods Frameworks */ = {
			isa = PBXShellScriptBuildPhase;
			buildActionMask = 2147483647;
			files = (
			);
			inputPaths = (
			);
			name = "[CP] Embed Pods Frameworks";
			outputPaths = (
			);
			runOnlyForDeploymentPostprocessing = 0;
			shellPath = /bin/sh;
			shellScript = "\"${SRCROOT}/Pods/Target Support Files/Pods-SwiftGroupFinalProject/Pods-SwiftGroupFinalProject-frameworks.sh\"\n";
			showEnvVarsInLog = 0;
		};
		7728A63BC1621802F2AB1A1A /* [CP] Check Pods Manifest.lock */ = {
			isa = PBXShellScriptBuildPhase;
			buildActionMask = 2147483647;
			files = (
			);
			inputPaths = (
			);
			name = "[CP] Check Pods Manifest.lock";
			outputPaths = (
			);
			runOnlyForDeploymentPostprocessing = 0;
			shellPath = /bin/sh;
			shellScript = "diff \"${PODS_ROOT}/../Podfile.lock\" \"${PODS_ROOT}/Manifest.lock\" > /dev/null\nif [[ $? != 0 ]] ; then\n    cat << EOM\nerror: The sandbox is not in sync with the Podfile.lock. Run 'pod install' or update your CocoaPods installation.\nEOM\n    exit 1\nfi\n";
			showEnvVarsInLog = 0;
		};
		A8F05C396CB875C49EA4D637 /* [CP] Check Pods Manifest.lock */ = {
			isa = PBXShellScriptBuildPhase;
			buildActionMask = 2147483647;
			files = (
			);
			inputPaths = (
			);
			name = "[CP] Check Pods Manifest.lock";
			outputPaths = (
			);
			runOnlyForDeploymentPostprocessing = 0;
			shellPath = /bin/sh;
			shellScript = "diff \"${PODS_ROOT}/../Podfile.lock\" \"${PODS_ROOT}/Manifest.lock\" > /dev/null\nif [[ $? != 0 ]] ; then\n    cat << EOM\nerror: The sandbox is not in sync with the Podfile.lock. Run 'pod install' or update your CocoaPods installation.\nEOM\n    exit 1\nfi\n";
			showEnvVarsInLog = 0;
		};
		B5B95784E755774A760BB075 /* [CP] Copy Pods Resources */ = {
			isa = PBXShellScriptBuildPhase;
			buildActionMask = 2147483647;
			files = (
			);
			inputPaths = (
			);
			name = "[CP] Copy Pods Resources";
			outputPaths = (
			);
			runOnlyForDeploymentPostprocessing = 0;
			shellPath = /bin/sh;
			shellScript = "\"${SRCROOT}/Pods/Target Support Files/Pods-SwiftGroupFinalProjectUITests/Pods-SwiftGroupFinalProjectUITests-resources.sh\"\n";
			showEnvVarsInLog = 0;
		};
		C9847E48C18F8F1B7F80E534 /* [CP] Copy Pods Resources */ = {
			isa = PBXShellScriptBuildPhase;
			buildActionMask = 2147483647;
			files = (
			);
			inputPaths = (
			);
			name = "[CP] Copy Pods Resources";
			outputPaths = (
			);
			runOnlyForDeploymentPostprocessing = 0;
			shellPath = /bin/sh;
			shellScript = "\"${SRCROOT}/Pods/Target Support Files/Pods-SwiftGroupFinalProjectTests/Pods-SwiftGroupFinalProjectTests-resources.sh\"\n";
			showEnvVarsInLog = 0;
		};
		D2A16206C894382575FB1C15 /* [CP] Copy Pods Resources */ = {
			isa = PBXShellScriptBuildPhase;
			buildActionMask = 2147483647;
			files = (
			);
			inputPaths = (
			);
			name = "[CP] Copy Pods Resources";
			outputPaths = (
			);
			runOnlyForDeploymentPostprocessing = 0;
			shellPath = /bin/sh;
			shellScript = "\"${SRCROOT}/Pods/Target Support Files/Pods-SwiftGroupFinalProject/Pods-SwiftGroupFinalProject-resources.sh\"\n";
			showEnvVarsInLog = 0;
		};
		D58B9DC38027E6F65354727B /* [CP] Check Pods Manifest.lock */ = {
			isa = PBXShellScriptBuildPhase;
			buildActionMask = 2147483647;
			files = (
			);
			inputPaths = (
			);
			name = "[CP] Check Pods Manifest.lock";
			outputPaths = (
			);
			runOnlyForDeploymentPostprocessing = 0;
			shellPath = /bin/sh;
			shellScript = "diff \"${PODS_ROOT}/../Podfile.lock\" \"${PODS_ROOT}/Manifest.lock\" > /dev/null\nif [[ $? != 0 ]] ; then\n    cat << EOM\nerror: The sandbox is not in sync with the Podfile.lock. Run 'pod install' or update your CocoaPods installation.\nEOM\n    exit 1\nfi\n";
			showEnvVarsInLog = 0;
		};
		F9E75E880D9AEA44AD5CD474 /* [CP] Embed Pods Frameworks */ = {
			isa = PBXShellScriptBuildPhase;
			buildActionMask = 2147483647;
			files = (
			);
			inputPaths = (
			);
			name = "[CP] Embed Pods Frameworks";
			outputPaths = (
			);
			runOnlyForDeploymentPostprocessing = 0;
			shellPath = /bin/sh;
			shellScript = "\"${SRCROOT}/Pods/Target Support Files/Pods-SwiftGroupFinalProjectTests/Pods-SwiftGroupFinalProjectTests-frameworks.sh\"\n";
			showEnvVarsInLog = 0;
		};
/* End PBXShellScriptBuildPhase section */

/* Begin PBXSourcesBuildPhase section */
		C49023091D63721300170585 /* Sources */ = {
			isa = PBXSourcesBuildPhase;
			buildActionMask = 2147483647;
			files = (
				AC85A7741D6EAF5B00DBD824 /* NewsViewController.swift in Sources */,
				C49023111D63721400170585 /* AppDelegate.swift in Sources */,
				AC85A7781D6EAF9600DBD824 /* ProfileViewController.swift in Sources */,
				AC85A7761D6EAF7C00DBD824 /* SearchViewController.swift in Sources */,
				DFC339681D63967500A47E32 /* Constants.swift in Sources */,
			);
			runOnlyForDeploymentPostprocessing = 0;
		};
		C490231D1D63721400170585 /* Sources */ = {
			isa = PBXSourcesBuildPhase;
			buildActionMask = 2147483647;
			files = (
				C49023261D63721400170585 /* SwiftGroupFinalProjectTests.swift in Sources */,
			);
			runOnlyForDeploymentPostprocessing = 0;
		};
		C49023281D63721400170585 /* Sources */ = {
			isa = PBXSourcesBuildPhase;
			buildActionMask = 2147483647;
			files = (
				C49023311D63721400170585 /* SwiftGroupFinalProjectUITests.swift in Sources */,
			);
			runOnlyForDeploymentPostprocessing = 0;
		};
/* End PBXSourcesBuildPhase section */

/* Begin PBXTargetDependency section */
		C49023231D63721400170585 /* PBXTargetDependency */ = {
			isa = PBXTargetDependency;
			target = C490230C1D63721300170585 /* SwiftGroupFinalProject */;
			targetProxy = C49023221D63721400170585 /* PBXContainerItemProxy */;
		};
		C490232E1D63721400170585 /* PBXTargetDependency */ = {
			isa = PBXTargetDependency;
			target = C490230C1D63721300170585 /* SwiftGroupFinalProject */;
			targetProxy = C490232D1D63721400170585 /* PBXContainerItemProxy */;
		};
/* End PBXTargetDependency section */

/* Begin PBXVariantGroup section */
		AC85A76D1D6EAE9A00DBD824 /* Search.storyboard */ = {
			isa = PBXVariantGroup;
			children = (
				AC85A76E1D6EAE9A00DBD824 /* Base */,
			);
			name = Search.storyboard;
			sourceTree = "<group>";
		};
		C49023141D63721400170585 /* Main.storyboard */ = {
			isa = PBXVariantGroup;
			children = (
				C49023151D63721400170585 /* Base */,
			);
			name = Main.storyboard;
			sourceTree = "<group>";
		};
		C49023191D63721400170585 /* LaunchScreen.storyboard */ = {
			isa = PBXVariantGroup;
			children = (
				C490231A1D63721400170585 /* Base */,
			);
			name = LaunchScreen.storyboard;
			sourceTree = "<group>";
		};
/* End PBXVariantGroup section */

/* Begin XCBuildConfiguration section */
		C49023331D63721400170585 /* Debug */ = {
			isa = XCBuildConfiguration;
			buildSettings = {
				ALWAYS_SEARCH_USER_PATHS = NO;
				CLANG_ANALYZER_NONNULL = YES;
				CLANG_CXX_LANGUAGE_STANDARD = "gnu++0x";
				CLANG_CXX_LIBRARY = "libc++";
				CLANG_ENABLE_MODULES = YES;
				CLANG_ENABLE_OBJC_ARC = YES;
				CLANG_WARN_BOOL_CONVERSION = YES;
				CLANG_WARN_CONSTANT_CONVERSION = YES;
				CLANG_WARN_DIRECT_OBJC_ISA_USAGE = YES_ERROR;
				CLANG_WARN_EMPTY_BODY = YES;
				CLANG_WARN_ENUM_CONVERSION = YES;
				CLANG_WARN_INT_CONVERSION = YES;
				CLANG_WARN_OBJC_ROOT_CLASS = YES_ERROR;
				CLANG_WARN_UNREACHABLE_CODE = YES;
				CLANG_WARN__DUPLICATE_METHOD_MATCH = YES;
				"CODE_SIGN_IDENTITY[sdk=iphoneos*]" = "iPhone Developer";
				COPY_PHASE_STRIP = NO;
				DEBUG_INFORMATION_FORMAT = dwarf;
				ENABLE_STRICT_OBJC_MSGSEND = YES;
				ENABLE_TESTABILITY = YES;
				GCC_C_LANGUAGE_STANDARD = gnu99;
				GCC_DYNAMIC_NO_PIC = NO;
				GCC_NO_COMMON_BLOCKS = YES;
				GCC_OPTIMIZATION_LEVEL = 0;
				GCC_PREPROCESSOR_DEFINITIONS = (
					"DEBUG=1",
					"$(inherited)",
				);
				GCC_WARN_64_TO_32_BIT_CONVERSION = YES;
				GCC_WARN_ABOUT_RETURN_TYPE = YES_ERROR;
				GCC_WARN_UNDECLARED_SELECTOR = YES;
				GCC_WARN_UNINITIALIZED_AUTOS = YES_AGGRESSIVE;
				GCC_WARN_UNUSED_FUNCTION = YES;
				GCC_WARN_UNUSED_VARIABLE = YES;
				IPHONEOS_DEPLOYMENT_TARGET = 9.3;
				MTL_ENABLE_DEBUG_INFO = YES;
				ONLY_ACTIVE_ARCH = YES;
				SDKROOT = iphoneos;
				SWIFT_OPTIMIZATION_LEVEL = "-Onone";
				TARGETED_DEVICE_FAMILY = "1,2";
			};
			name = Debug;
		};
		C49023341D63721400170585 /* Release */ = {
			isa = XCBuildConfiguration;
			buildSettings = {
				ALWAYS_SEARCH_USER_PATHS = NO;
				CLANG_ANALYZER_NONNULL = YES;
				CLANG_CXX_LANGUAGE_STANDARD = "gnu++0x";
				CLANG_CXX_LIBRARY = "libc++";
				CLANG_ENABLE_MODULES = YES;
				CLANG_ENABLE_OBJC_ARC = YES;
				CLANG_WARN_BOOL_CONVERSION = YES;
				CLANG_WARN_CONSTANT_CONVERSION = YES;
				CLANG_WARN_DIRECT_OBJC_ISA_USAGE = YES_ERROR;
				CLANG_WARN_EMPTY_BODY = YES;
				CLANG_WARN_ENUM_CONVERSION = YES;
				CLANG_WARN_INT_CONVERSION = YES;
				CLANG_WARN_OBJC_ROOT_CLASS = YES_ERROR;
				CLANG_WARN_UNREACHABLE_CODE = YES;
				CLANG_WARN__DUPLICATE_METHOD_MATCH = YES;
				"CODE_SIGN_IDENTITY[sdk=iphoneos*]" = "iPhone Developer";
				COPY_PHASE_STRIP = NO;
				DEBUG_INFORMATION_FORMAT = "dwarf-with-dsym";
				ENABLE_NS_ASSERTIONS = NO;
				ENABLE_STRICT_OBJC_MSGSEND = YES;
				GCC_C_LANGUAGE_STANDARD = gnu99;
				GCC_NO_COMMON_BLOCKS = YES;
				GCC_WARN_64_TO_32_BIT_CONVERSION = YES;
				GCC_WARN_ABOUT_RETURN_TYPE = YES_ERROR;
				GCC_WARN_UNDECLARED_SELECTOR = YES;
				GCC_WARN_UNINITIALIZED_AUTOS = YES_AGGRESSIVE;
				GCC_WARN_UNUSED_FUNCTION = YES;
				GCC_WARN_UNUSED_VARIABLE = YES;
				IPHONEOS_DEPLOYMENT_TARGET = 9.3;
				MTL_ENABLE_DEBUG_INFO = NO;
				SDKROOT = iphoneos;
				TARGETED_DEVICE_FAMILY = "1,2";
				VALIDATE_PRODUCT = YES;
			};
			name = Release;
		};
		C49023361D63721400170585 /* Debug */ = {
			isa = XCBuildConfiguration;
			baseConfigurationReference = EA92E8623053F77A3755B67B /* Pods-SwiftGroupFinalProject.debug.xcconfig */;
			buildSettings = {
				ASSETCATALOG_COMPILER_APPICON_NAME = AppIcon;
				INFOPLIST_FILE = SwiftGroupFinalProject/Info.plist;
				LD_RUNPATH_SEARCH_PATHS = "$(inherited) @executable_path/Frameworks";
				PRODUCT_BUNDLE_IDENTIFIER = fess2036.SwiftGroupFinalProject;
				PRODUCT_NAME = "$(TARGET_NAME)";
			};
			name = Debug;
		};
		C49023371D63721400170585 /* Release */ = {
			isa = XCBuildConfiguration;
			baseConfigurationReference = 094732981145087DF1ABEE98 /* Pods-SwiftGroupFinalProject.release.xcconfig */;
			buildSettings = {
				ASSETCATALOG_COMPILER_APPICON_NAME = AppIcon;
				INFOPLIST_FILE = SwiftGroupFinalProject/Info.plist;
				LD_RUNPATH_SEARCH_PATHS = "$(inherited) @executable_path/Frameworks";
				PRODUCT_BUNDLE_IDENTIFIER = fess2036.SwiftGroupFinalProject;
				PRODUCT_NAME = "$(TARGET_NAME)";
			};
			name = Release;
		};
		C49023391D63721400170585 /* Debug */ = {
			isa = XCBuildConfiguration;
			baseConfigurationReference = 72EB20AF3D35503AE2473DEA /* Pods-SwiftGroupFinalProjectTests.debug.xcconfig */;
			buildSettings = {
				BUNDLE_LOADER = "$(TEST_HOST)";
				INFOPLIST_FILE = SwiftGroupFinalProjectTests/Info.plist;
				LD_RUNPATH_SEARCH_PATHS = "$(inherited) @executable_path/Frameworks @loader_path/Frameworks";
				PRODUCT_BUNDLE_IDENTIFIER = fess2036.SwiftGroupFinalProjectTests;
				PRODUCT_NAME = "$(TARGET_NAME)";
				TEST_HOST = "$(BUILT_PRODUCTS_DIR)/SwiftGroupFinalProject.app/SwiftGroupFinalProject";
			};
			name = Debug;
		};
		C490233A1D63721400170585 /* Release */ = {
			isa = XCBuildConfiguration;
			baseConfigurationReference = 078B0619C4F26770492ED4C9 /* Pods-SwiftGroupFinalProjectTests.release.xcconfig */;
			buildSettings = {
				BUNDLE_LOADER = "$(TEST_HOST)";
				INFOPLIST_FILE = SwiftGroupFinalProjectTests/Info.plist;
				LD_RUNPATH_SEARCH_PATHS = "$(inherited) @executable_path/Frameworks @loader_path/Frameworks";
				PRODUCT_BUNDLE_IDENTIFIER = fess2036.SwiftGroupFinalProjectTests;
				PRODUCT_NAME = "$(TARGET_NAME)";
				TEST_HOST = "$(BUILT_PRODUCTS_DIR)/SwiftGroupFinalProject.app/SwiftGroupFinalProject";
			};
			name = Release;
		};
		C490233C1D63721400170585 /* Debug */ = {
			isa = XCBuildConfiguration;
			baseConfigurationReference = 962C02A6ED043AC4EB1F35E9 /* Pods-SwiftGroupFinalProjectUITests.debug.xcconfig */;
			buildSettings = {
				INFOPLIST_FILE = SwiftGroupFinalProjectUITests/Info.plist;
				LD_RUNPATH_SEARCH_PATHS = "$(inherited) @executable_path/Frameworks @loader_path/Frameworks";
				PRODUCT_BUNDLE_IDENTIFIER = fess2036.SwiftGroupFinalProjectUITests;
				PRODUCT_NAME = "$(TARGET_NAME)";
				TEST_TARGET_NAME = SwiftGroupFinalProject;
			};
			name = Debug;
		};
		C490233D1D63721400170585 /* Release */ = {
			isa = XCBuildConfiguration;
			baseConfigurationReference = DB14F8848FB00B40FC5BBCE8 /* Pods-SwiftGroupFinalProjectUITests.release.xcconfig */;
			buildSettings = {
				INFOPLIST_FILE = SwiftGroupFinalProjectUITests/Info.plist;
				LD_RUNPATH_SEARCH_PATHS = "$(inherited) @executable_path/Frameworks @loader_path/Frameworks";
				PRODUCT_BUNDLE_IDENTIFIER = fess2036.SwiftGroupFinalProjectUITests;
				PRODUCT_NAME = "$(TARGET_NAME)";
				TEST_TARGET_NAME = SwiftGroupFinalProject;
			};
			name = Release;
		};
/* End XCBuildConfiguration section */

/* Begin XCConfigurationList section */
		C49023081D63721300170585 /* Build configuration list for PBXProject "SwiftGroupFinalProject" */ = {
			isa = XCConfigurationList;
			buildConfigurations = (
				C49023331D63721400170585 /* Debug */,
				C49023341D63721400170585 /* Release */,
			);
			defaultConfigurationIsVisible = 0;
			defaultConfigurationName = Release;
		};
		C49023351D63721400170585 /* Build configuration list for PBXNativeTarget "SwiftGroupFinalProject" */ = {
			isa = XCConfigurationList;
			buildConfigurations = (
				C49023361D63721400170585 /* Debug */,
				C49023371D63721400170585 /* Release */,
			);
			defaultConfigurationIsVisible = 0;
			defaultConfigurationName = Release;
		};
		C49023381D63721400170585 /* Build configuration list for PBXNativeTarget "SwiftGroupFinalProjectTests" */ = {
			isa = XCConfigurationList;
			buildConfigurations = (
				C49023391D63721400170585 /* Debug */,
				C490233A1D63721400170585 /* Release */,
			);
			defaultConfigurationIsVisible = 0;
			defaultConfigurationName = Release;
		};
		C490233B1D63721400170585 /* Build configuration list for PBXNativeTarget "SwiftGroupFinalProjectUITests" */ = {
			isa = XCConfigurationList;
			buildConfigurations = (
				C490233C1D63721400170585 /* Debug */,
				C490233D1D63721400170585 /* Release */,
			);
			defaultConfigurationIsVisible = 0;
			defaultConfigurationName = Release;
		};
/* End XCConfigurationList section */
	};
	rootObject = C49023051D63721300170585 /* Project object */;
}
